// !$*UTF8*$!
{
	archiveVersion = 1;
	classes = {
	};
	objectVersion = 50;
	objects = {

/* Begin PBXBuildFile section */
		0BD46C4F22555A5500D4914C /* AppDelegate.swift in Sources */ = {isa = PBXBuildFile; fileRef = 0BD46C4E22555A5500D4914C /* AppDelegate.swift */; };
		0BD46C5122555A5500D4914C /* ViewController.swift in Sources */ = {isa = PBXBuildFile; fileRef = 0BD46C5022555A5500D4914C /* ViewController.swift */; };
		0BD46C5422555A5500D4914C /* Main.storyboard in Resources */ = {isa = PBXBuildFile; fileRef = 0BD46C5222555A5500D4914C /* Main.storyboard */; };
		0BD46C5622555A5700D4914C /* Assets.xcassets in Resources */ = {isa = PBXBuildFile; fileRef = 0BD46C5522555A5700D4914C /* Assets.xcassets */; };
		0BD46C5922555A5700D4914C /* LaunchScreen.storyboard in Resources */ = {isa = PBXBuildFile; fileRef = 0BD46C5722555A5700D4914C /* LaunchScreen.storyboard */; };
		0BD46C6422555A5800D4914C /* CraveThruTests.swift in Sources */ = {isa = PBXBuildFile; fileRef = 0BD46C6322555A5800D4914C /* CraveThruTests.swift */; };
		0BD46C6F22555A5800D4914C /* CraveThruUITests.swift in Sources */ = {isa = PBXBuildFile; fileRef = 0BD46C6E22555A5800D4914C /* CraveThruUITests.swift */; };
		17161CCBF9E2942306F9215F /* Pods_CraveThruTests.framework in Frameworks */ = {isa = PBXBuildFile; fileRef = 64836E0B037B19765DFF9885 /* Pods_CraveThruTests.framework */; };
		5340C571B7BB7C0A23F8C6AA /* Pods_CraveThru.framework in Frameworks */ = {isa = PBXBuildFile; fileRef = 4DB151CDAD0561D295DA938E /* Pods_CraveThru.framework */; };
		5E6DE12F9689A0842D99438C /* Pods_CraveThruUITests.framework in Frameworks */ = {isa = PBXBuildFile; fileRef = EC579C33B09221857FBFDA35 /* Pods_CraveThruUITests.framework */; };
/* End PBXBuildFile section */

/* Begin PBXContainerItemProxy section */
		0BD46C6022555A5700D4914C /* PBXContainerItemProxy */ = {
			isa = PBXContainerItemProxy;
			containerPortal = 0BD46C4322555A5500D4914C /* Project object */;
			proxyType = 1;
			remoteGlobalIDString = 0BD46C4A22555A5500D4914C;
			remoteInfo = CraveThru;
		};
		0BD46C6B22555A5800D4914C /* PBXContainerItemProxy */ = {
			isa = PBXContainerItemProxy;
			containerPortal = 0BD46C4322555A5500D4914C /* Project object */;
			proxyType = 1;
			remoteGlobalIDString = 0BD46C4A22555A5500D4914C;
			remoteInfo = CraveThru;
		};
/* End PBXContainerItemProxy section */

/* Begin PBXFileReference section */
		0BD46C4B22555A5500D4914C /* CraveThru.app */ = {isa = PBXFileReference; explicitFileType = wrapper.application; includeInIndex = 0; path = CraveThru.app; sourceTree = BUILT_PRODUCTS_DIR; };
		0BD46C4E22555A5500D4914C /* AppDelegate.swift */ = {isa = PBXFileReference; lastKnownFileType = sourcecode.swift; path = AppDelegate.swift; sourceTree = "<group>"; };
		0BD46C5022555A5500D4914C /* ViewController.swift */ = {isa = PBXFileReference; lastKnownFileType = sourcecode.swift; path = ViewController.swift; sourceTree = "<group>"; };
		0BD46C5322555A5500D4914C /* Base */ = {isa = PBXFileReference; lastKnownFileType = file.storyboard; name = Base; path = Base.lproj/Main.storyboard; sourceTree = "<group>"; };
		0BD46C5522555A5700D4914C /* Assets.xcassets */ = {isa = PBXFileReference; lastKnownFileType = folder.assetcatalog; path = Assets.xcassets; sourceTree = "<group>"; };
		0BD46C5822555A5700D4914C /* Base */ = {isa = PBXFileReference; lastKnownFileType = file.storyboard; name = Base; path = Base.lproj/LaunchScreen.storyboard; sourceTree = "<group>"; };
		0BD46C5A22555A5700D4914C /* Info.plist */ = {isa = PBXFileReference; lastKnownFileType = text.plist.xml; path = Info.plist; sourceTree = "<group>"; };
		0BD46C5F22555A5700D4914C /* CraveThruTests.xctest */ = {isa = PBXFileReference; explicitFileType = wrapper.cfbundle; includeInIndex = 0; path = CraveThruTests.xctest; sourceTree = BUILT_PRODUCTS_DIR; };
		0BD46C6322555A5800D4914C /* CraveThruTests.swift */ = {isa = PBXFileReference; lastKnownFileType = sourcecode.swift; path = CraveThruTests.swift; sourceTree = "<group>"; };
		0BD46C6522555A5800D4914C /* Info.plist */ = {isa = PBXFileReference; lastKnownFileType = text.plist.xml; path = Info.plist; sourceTree = "<group>"; };
		0BD46C6A22555A5800D4914C /* CraveThruUITests.xctest */ = {isa = PBXFileReference; explicitFileType = wrapper.cfbundle; includeInIndex = 0; path = CraveThruUITests.xctest; sourceTree = BUILT_PRODUCTS_DIR; };
		0BD46C6E22555A5800D4914C /* CraveThruUITests.swift */ = {isa = PBXFileReference; lastKnownFileType = sourcecode.swift; path = CraveThruUITests.swift; sourceTree = "<group>"; };
		0BD46C7022555A5800D4914C /* Info.plist */ = {isa = PBXFileReference; lastKnownFileType = text.plist.xml; path = Info.plist; sourceTree = "<group>"; };
		2C3C8B626E6E70983567E2AD /* Pods-CraveThru.release.xcconfig */ = {isa = PBXFileReference; includeInIndex = 1; lastKnownFileType = text.xcconfig; name = "Pods-CraveThru.release.xcconfig"; path = "Target Support Files/Pods-CraveThru/Pods-CraveThru.release.xcconfig"; sourceTree = "<group>"; };
		35BB64F4E38E9AFBB2790026 /* Pods-CraveThru.debug.xcconfig */ = {isa = PBXFileReference; includeInIndex = 1; lastKnownFileType = text.xcconfig; name = "Pods-CraveThru.debug.xcconfig"; path = "Target Support Files/Pods-CraveThru/Pods-CraveThru.debug.xcconfig"; sourceTree = "<group>"; };
		4DB151CDAD0561D295DA938E /* Pods_CraveThru.framework */ = {isa = PBXFileReference; explicitFileType = wrapper.framework; includeInIndex = 0; path = Pods_CraveThru.framework; sourceTree = BUILT_PRODUCTS_DIR; };
		54291F0C95541E121C3EF720 /* Pods-CraveThruUITests.debug.xcconfig */ = {isa = PBXFileReference; includeInIndex = 1; lastKnownFileType = text.xcconfig; name = "Pods-CraveThruUITests.debug.xcconfig"; path = "Target Support Files/Pods-CraveThruUITests/Pods-CraveThruUITests.debug.xcconfig"; sourceTree = "<group>"; };
		64836E0B037B19765DFF9885 /* Pods_CraveThruTests.framework */ = {isa = PBXFileReference; explicitFileType = wrapper.framework; includeInIndex = 0; path = Pods_CraveThruTests.framework; sourceTree = BUILT_PRODUCTS_DIR; };
		8E4D7DCC47C58956C942DF74 /* Pods-CraveThruUITests.release.xcconfig */ = {isa = PBXFileReference; includeInIndex = 1; lastKnownFileType = text.xcconfig; name = "Pods-CraveThruUITests.release.xcconfig"; path = "Target Support Files/Pods-CraveThruUITests/Pods-CraveThruUITests.release.xcconfig"; sourceTree = "<group>"; };
		90FD131555C98099C1A12F6B /* Pods-CraveThruTests.debug.xcconfig */ = {isa = PBXFileReference; includeInIndex = 1; lastKnownFileType = text.xcconfig; name = "Pods-CraveThruTests.debug.xcconfig"; path = "Target Support Files/Pods-CraveThruTests/Pods-CraveThruTests.debug.xcconfig"; sourceTree = "<group>"; };
		B57C14B90ED0C5EB2E6ED34C /* Pods-CraveThruTests.release.xcconfig */ = {isa = PBXFileReference; includeInIndex = 1; lastKnownFileType = text.xcconfig; name = "Pods-CraveThruTests.release.xcconfig"; path = "Target Support Files/Pods-CraveThruTests/Pods-CraveThruTests.release.xcconfig"; sourceTree = "<group>"; };
		EC579C33B09221857FBFDA35 /* Pods_CraveThruUITests.framework */ = {isa = PBXFileReference; explicitFileType = wrapper.framework; includeInIndex = 0; path = Pods_CraveThruUITests.framework; sourceTree = BUILT_PRODUCTS_DIR; };
/* End PBXFileReference section */

/* Begin PBXFrameworksBuildPhase section */
		0BD46C4822555A5500D4914C /* Frameworks */ = {
			isa = PBXFrameworksBuildPhase;
			buildActionMask = 2147483647;
			files = (
				5340C571B7BB7C0A23F8C6AA /* Pods_CraveThru.framework in Frameworks */,
			);
			runOnlyForDeploymentPostprocessing = 0;
		};
		0BD46C5C22555A5700D4914C /* Frameworks */ = {
			isa = PBXFrameworksBuildPhase;
			buildActionMask = 2147483647;
			files = (
				17161CCBF9E2942306F9215F /* Pods_CraveThruTests.framework in Frameworks */,
			);
			runOnlyForDeploymentPostprocessing = 0;
		};
		0BD46C6722555A5800D4914C /* Frameworks */ = {
			isa = PBXFrameworksBuildPhase;
			buildActionMask = 2147483647;
			files = (
				5E6DE12F9689A0842D99438C /* Pods_CraveThruUITests.framework in Frameworks */,
			);
			runOnlyForDeploymentPostprocessing = 0;
		};
/* End PBXFrameworksBuildPhase section */

/* Begin PBXGroup section */
		0BD46C4222555A5500D4914C = {
			isa = PBXGroup;
			children = (
				0BD46C4D22555A5500D4914C /* CraveThru */,
				0BD46C6222555A5700D4914C /* CraveThruTests */,
				0BD46C6D22555A5800D4914C /* CraveThruUITests */,
				0BD46C4C22555A5500D4914C /* Products */,
				5909E83790CE4FE8193B0A7E /* Pods */,
				C961A8FACC6CA86DFB83AC89 /* Frameworks */,
			);
			sourceTree = "<group>";
		};
		0BD46C4C22555A5500D4914C /* Products */ = {
			isa = PBXGroup;
			children = (
				0BD46C4B22555A5500D4914C /* CraveThru.app */,
				0BD46C5F22555A5700D4914C /* CraveThruTests.xctest */,
				0BD46C6A22555A5800D4914C /* CraveThruUITests.xctest */,
			);
			name = Products;
			sourceTree = "<group>";
		};
		0BD46C4D22555A5500D4914C /* CraveThru */ = {
			isa = PBXGroup;
			children = (
				0BD46C4E22555A5500D4914C /* AppDelegate.swift */,
				0BD46C5022555A5500D4914C /* ViewController.swift */,
				0BD46C5222555A5500D4914C /* Main.storyboard */,
				0BD46C5522555A5700D4914C /* Assets.xcassets */,
				0BD46C5722555A5700D4914C /* LaunchScreen.storyboard */,
				0BD46C5A22555A5700D4914C /* Info.plist */,
			);
			path = CraveThru;
			sourceTree = "<group>";
		};
		0BD46C6222555A5700D4914C /* CraveThruTests */ = {
			isa = PBXGroup;
			children = (
				0BD46C6322555A5800D4914C /* CraveThruTests.swift */,
				0BD46C6522555A5800D4914C /* Info.plist */,
			);
			path = CraveThruTests;
			sourceTree = "<group>";
		};
		0BD46C6D22555A5800D4914C /* CraveThruUITests */ = {
			isa = PBXGroup;
			children = (
				0BD46C6E22555A5800D4914C /* CraveThruUITests.swift */,
				0BD46C7022555A5800D4914C /* Info.plist */,
			);
			path = CraveThruUITests;
			sourceTree = "<group>";
		};
		5909E83790CE4FE8193B0A7E /* Pods */ = {
			isa = PBXGroup;
			children = (
				35BB64F4E38E9AFBB2790026 /* Pods-CraveThru.debug.xcconfig */,
				2C3C8B626E6E70983567E2AD /* Pods-CraveThru.release.xcconfig */,
				90FD131555C98099C1A12F6B /* Pods-CraveThruTests.debug.xcconfig */,
				B57C14B90ED0C5EB2E6ED34C /* Pods-CraveThruTests.release.xcconfig */,
				54291F0C95541E121C3EF720 /* Pods-CraveThruUITests.debug.xcconfig */,
				8E4D7DCC47C58956C942DF74 /* Pods-CraveThruUITests.release.xcconfig */,
			);
			path = Pods;
			sourceTree = "<group>";
		};
		C961A8FACC6CA86DFB83AC89 /* Frameworks */ = {
			isa = PBXGroup;
			children = (
				4DB151CDAD0561D295DA938E /* Pods_CraveThru.framework */,
				64836E0B037B19765DFF9885 /* Pods_CraveThruTests.framework */,
				EC579C33B09221857FBFDA35 /* Pods_CraveThruUITests.framework */,
			);
			name = Frameworks;
			sourceTree = "<group>";
		};
/* End PBXGroup section */

/* Begin PBXNativeTarget section */
		0BD46C4A22555A5500D4914C /* CraveThru */ = {
			isa = PBXNativeTarget;
			buildConfigurationList = 0BD46C7322555A5800D4914C /* Build configuration list for PBXNativeTarget "CraveThru" */;
			buildPhases = (
				A46991D1D958F29753363FAC /* [CP] Check Pods Manifest.lock */,
				0BD46C4722555A5500D4914C /* Sources */,
				0BD46C4822555A5500D4914C /* Frameworks */,
				0BD46C4922555A5500D4914C /* Resources */,
				7AD29D91138C5CFD86DADB5B /* [CP] Embed Pods Frameworks */,
			);
			buildRules = (
			);
			dependencies = (
			);
			name = CraveThru;
			productName = CraveThru;
			productReference = 0BD46C4B22555A5500D4914C /* CraveThru.app */;
			productType = "com.apple.product-type.application";
		};
		0BD46C5E22555A5700D4914C /* CraveThruTests */ = {
			isa = PBXNativeTarget;
			buildConfigurationList = 0BD46C7622555A5800D4914C /* Build configuration list for PBXNativeTarget "CraveThruTests" */;
			buildPhases = (
				292ACD9C5CADC43176A60A5A /* [CP] Check Pods Manifest.lock */,
				0BD46C5B22555A5700D4914C /* Sources */,
				0BD46C5C22555A5700D4914C /* Frameworks */,
				0BD46C5D22555A5700D4914C /* Resources */,
			);
			buildRules = (
			);
			dependencies = (
				0BD46C6122555A5700D4914C /* PBXTargetDependency */,
			);
			name = CraveThruTests;
			productName = CraveThruTests;
			productReference = 0BD46C5F22555A5700D4914C /* CraveThruTests.xctest */;
			productType = "com.apple.product-type.bundle.unit-test";
		};
		0BD46C6922555A5800D4914C /* CraveThruUITests */ = {
			isa = PBXNativeTarget;
			buildConfigurationList = 0BD46C7922555A5800D4914C /* Build configuration list for PBXNativeTarget "CraveThruUITests" */;
			buildPhases = (
				60B81196B091C0ABB5904CED /* [CP] Check Pods Manifest.lock */,
				0BD46C6622555A5800D4914C /* Sources */,
				0BD46C6722555A5800D4914C /* Frameworks */,
				0BD46C6822555A5800D4914C /* Resources */,
			);
			buildRules = (
			);
			dependencies = (
				0BD46C6C22555A5800D4914C /* PBXTargetDependency */,
			);
			name = CraveThruUITests;
			productName = CraveThruUITests;
			productReference = 0BD46C6A22555A5800D4914C /* CraveThruUITests.xctest */;
			productType = "com.apple.product-type.bundle.ui-testing";
		};
/* End PBXNativeTarget section */

/* Begin PBXProject section */
		0BD46C4322555A5500D4914C /* Project object */ = {
			isa = PBXProject;
			attributes = {
				LastSwiftUpdateCheck = 1020;
				LastUpgradeCheck = 1020;
				ORGANIZATIONNAME = Angel;
				TargetAttributes = {
					0BD46C4A22555A5500D4914C = {
						CreatedOnToolsVersion = 10.2;
					};
					0BD46C5E22555A5700D4914C = {
						CreatedOnToolsVersion = 10.2;
						TestTargetID = 0BD46C4A22555A5500D4914C;
					};
					0BD46C6922555A5800D4914C = {
						CreatedOnToolsVersion = 10.2;
						TestTargetID = 0BD46C4A22555A5500D4914C;
					};
				};
			};
			buildConfigurationList = 0BD46C4622555A5500D4914C /* Build configuration list for PBXProject "CraveThru" */;
			compatibilityVersion = "Xcode 9.3";
			developmentRegion = en;
			hasScannedForEncodings = 0;
			knownRegions = (
				en,
				Base,
			);
			mainGroup = 0BD46C4222555A5500D4914C;
			productRefGroup = 0BD46C4C22555A5500D4914C /* Products */;
			projectDirPath = "";
			projectRoot = "";
			targets = (
				0BD46C4A22555A5500D4914C /* CraveThru */,
				0BD46C5E22555A5700D4914C /* CraveThruTests */,
				0BD46C6922555A5800D4914C /* CraveThruUITests */,
			);
		};
/* End PBXProject section */

/* Begin PBXResourcesBuildPhase section */
		0BD46C4922555A5500D4914C /* Resources */ = {
			isa = PBXResourcesBuildPhase;
			buildActionMask = 2147483647;
			files = (
				0BD46C5922555A5700D4914C /* LaunchScreen.storyboard in Resources */,
				0BD46C5622555A5700D4914C /* Assets.xcassets in Resources */,
				0BD46C5422555A5500D4914C /* Main.storyboard in Resources */,
			);
			runOnlyForDeploymentPostprocessing = 0;
		};
		0BD46C5D22555A5700D4914C /* Resources */ = {
			isa = PBXResourcesBuildPhase;
			buildActionMask = 2147483647;
			files = (
			);
			runOnlyForDeploymentPostprocessing = 0;
		};
		0BD46C6822555A5800D4914C /* Resources */ = {
			isa = PBXResourcesBuildPhase;
			buildActionMask = 2147483647;
			files = (
			);
			runOnlyForDeploymentPostprocessing = 0;
		};
/* End PBXResourcesBuildPhase section */

/* Begin PBXShellScriptBuildPhase section */
		292ACD9C5CADC43176A60A5A /* [CP] Check Pods Manifest.lock */ = {
			isa = PBXShellScriptBuildPhase;
			buildActionMask = 2147483647;
			files = (
			);
			inputFileListPaths = (
			);
			inputPaths = (
				"${PODS_PODFILE_DIR_PATH}/Podfile.lock",
				"${PODS_ROOT}/Manifest.lock",
			);
			name = "[CP] Check Pods Manifest.lock";
			outputFileListPaths = (
			);
			outputPaths = (
				"$(DERIVED_FILE_DIR)/Pods-CraveThruTests-checkManifestLockResult.txt",
			);
			runOnlyForDeploymentPostprocessing = 0;
			shellPath = /bin/sh;
			shellScript = "diff \"${PODS_PODFILE_DIR_PATH}/Podfile.lock\" \"${PODS_ROOT}/Manifest.lock\" > /dev/null\nif [ $? != 0 ] ; then\n    # print error to STDERR\n    echo \"error: The sandbox is not in sync with the Podfile.lock. Run 'pod install' or update your CocoaPods installation.\" >&2\n    exit 1\nfi\n# This output is used by Xcode 'outputs' to avoid re-running this script phase.\necho \"SUCCESS\" > \"${SCRIPT_OUTPUT_FILE_0}\"\n";
			showEnvVarsInLog = 0;
		};
		60B81196B091C0ABB5904CED /* [CP] Check Pods Manifest.lock */ = {
			isa = PBXShellScriptBuildPhase;
			buildActionMask = 2147483647;
			files = (
			);
			inputFileListPaths = (
			);
			inputPaths = (
				"${PODS_PODFILE_DIR_PATH}/Podfile.lock",
				"${PODS_ROOT}/Manifest.lock",
			);
			name = "[CP] Check Pods Manifest.lock";
			outputFileListPaths = (
			);
			outputPaths = (
				"$(DERIVED_FILE_DIR)/Pods-CraveThruUITests-checkManifestLockResult.txt",
			);
			runOnlyForDeploymentPostprocessing = 0;
			shellPath = /bin/sh;
			shellScript = "diff \"${PODS_PODFILE_DIR_PATH}/Podfile.lock\" \"${PODS_ROOT}/Manifest.lock\" > /dev/null\nif [ $? != 0 ] ; then\n    # print error to STDERR\n    echo \"error: The sandbox is not in sync with the Podfile.lock. Run 'pod install' or update your CocoaPods installation.\" >&2\n    exit 1\nfi\n# This output is used by Xcode 'outputs' to avoid re-running this script phase.\necho \"SUCCESS\" > \"${SCRIPT_OUTPUT_FILE_0}\"\n";
			showEnvVarsInLog = 0;
		};
		7AD29D91138C5CFD86DADB5B /* [CP] Embed Pods Frameworks */ = {
			isa = PBXShellScriptBuildPhase;
			buildActionMask = 2147483647;
			files = (
			);
			inputFileListPaths = (
			);
			inputPaths = (
				"${PODS_ROOT}/Target Support Files/Pods-CraveThru/Pods-CraveThru-frameworks.sh",
				"${BUILT_PRODUCTS_DIR}/Alamofire/Alamofire.framework",
				"${BUILT_PRODUCTS_DIR}/AlamofireImage/AlamofireImage.framework",
				"${BUILT_PRODUCTS_DIR}/Bolts/Bolts.framework",
				"${BUILT_PRODUCTS_DIR}/Parse/Parse.framework",
			);
			name = "[CP] Embed Pods Frameworks";
			outputFileListPaths = (
			);
			outputPaths = (
				"${TARGET_BUILD_DIR}/${FRAMEWORKS_FOLDER_PATH}/Alamofire.framework",
				"${TARGET_BUILD_DIR}/${FRAMEWORKS_FOLDER_PATH}/AlamofireImage.framework",
				"${TARGET_BUILD_DIR}/${FRAMEWORKS_FOLDER_PATH}/Bolts.framework",
				"${TARGET_BUILD_DIR}/${FRAMEWORKS_FOLDER_PATH}/Parse.framework",
			);
			runOnlyForDeploymentPostprocessing = 0;
			shellPath = /bin/sh;
			shellScript = "\"${PODS_ROOT}/Target Support Files/Pods-CraveThru/Pods-CraveThru-frameworks.sh\"\n";
			showEnvVarsInLog = 0;
		};
		A46991D1D958F29753363FAC /* [CP] Check Pods Manifest.lock */ = {
			isa = PBXShellScriptBuildPhase;
			buildActionMask = 2147483647;
			files = (
			);
			inputFileListPaths = (
			);
			inputPaths = (
				"${PODS_PODFILE_DIR_PATH}/Podfile.lock",
				"${PODS_ROOT}/Manifest.lock",
			);
			name = "[CP] Check Pods Manifest.lock";
			outputFileListPaths = (
			);
			outputPaths = (
				"$(DERIVED_FILE_DIR)/Pods-CraveThru-checkManifestLockResult.txt",
			);
			runOnlyForDeploymentPostprocessing = 0;
			shellPath = /bin/sh;
			shellScript = "diff \"${PODS_PODFILE_DIR_PATH}/Podfile.lock\" \"${PODS_ROOT}/Manifest.lock\" > /dev/null\nif [ $? != 0 ] ; then\n    # print error to STDERR\n    echo \"error: The sandbox is not in sync with the Podfile.lock. Run 'pod install' or update your CocoaPods installation.\" >&2\n    exit 1\nfi\n# This output is used by Xcode 'outputs' to avoid re-running this script phase.\necho \"SUCCESS\" > \"${SCRIPT_OUTPUT_FILE_0}\"\n";
			showEnvVarsInLog = 0;
		};
/* End PBXShellScriptBuildPhase section */

/* Begin PBXSourcesBuildPhase section */
		0BD46C4722555A5500D4914C /* Sources */ = {
			isa = PBXSourcesBuildPhase;
			buildActionMask = 2147483647;
			files = (
				0BD46C5122555A5500D4914C /* ViewController.swift in Sources */,
				0BD46C4F22555A5500D4914C /* AppDelegate.swift in Sources */,
			);
			runOnlyForDeploymentPostprocessing = 0;
		};
		0BD46C5B22555A5700D4914C /* Sources */ = {
			isa = PBXSourcesBuildPhase;
			buildActionMask = 2147483647;
			files = (
				0BD46C6422555A5800D4914C /* CraveThruTests.swift in Sources */,
			);
			runOnlyForDeploymentPostprocessing = 0;
		};
		0BD46C6622555A5800D4914C /* Sources */ = {
			isa = PBXSourcesBuildPhase;
			buildActionMask = 2147483647;
			files = (
				0BD46C6F22555A5800D4914C /* CraveThruUITests.swift in Sources */,
			);
			runOnlyForDeploymentPostprocessing = 0;
		};
/* End PBXSourcesBuildPhase section */

/* Begin PBXTargetDependency section */
		0BD46C6122555A5700D4914C /* PBXTargetDependency */ = {
			isa = PBXTargetDependency;
			target = 0BD46C4A22555A5500D4914C /* CraveThru */;
			targetProxy = 0BD46C6022555A5700D4914C /* PBXContainerItemProxy */;
		};
		0BD46C6C22555A5800D4914C /* PBXTargetDependency */ = {
			isa = PBXTargetDependency;
			target = 0BD46C4A22555A5500D4914C /* CraveThru */;
			targetProxy = 0BD46C6B22555A5800D4914C /* PBXContainerItemProxy */;
		};
/* End PBXTargetDependency section */

/* Begin PBXVariantGroup section */
		0BD46C5222555A5500D4914C /* Main.storyboard */ = {
			isa = PBXVariantGroup;
			children = (
				0BD46C5322555A5500D4914C /* Base */,
			);
			name = Main.storyboard;
			sourceTree = "<group>";
		};
		0BD46C5722555A5700D4914C /* LaunchScreen.storyboard */ = {
			isa = PBXVariantGroup;
			children = (
				0BD46C5822555A5700D4914C /* Base */,
			);
			name = LaunchScreen.storyboard;
			sourceTree = "<group>";
		};
/* End PBXVariantGroup section */

/* Begin XCBuildConfiguration section */
		0BD46C7122555A5800D4914C /* Debug */ = {
			isa = XCBuildConfiguration;
			buildSettings = {
				ALWAYS_SEARCH_USER_PATHS = NO;
				CLANG_ANALYZER_NONNULL = YES;
				CLANG_ANALYZER_NUMBER_OBJECT_CONVERSION = YES_AGGRESSIVE;
				CLANG_CXX_LANGUAGE_STANDARD = "gnu++14";
				CLANG_CXX_LIBRARY = "libc++";
				CLANG_ENABLE_MODULES = YES;
				CLANG_ENABLE_OBJC_ARC = YES;
				CLANG_ENABLE_OBJC_WEAK = YES;
				CLANG_WARN_BLOCK_CAPTURE_AUTORELEASING = YES;
				CLANG_WARN_BOOL_CONVERSION = YES;
				CLANG_WARN_COMMA = YES;
				CLANG_WARN_CONSTANT_CONVERSION = YES;
				CLANG_WARN_DEPRECATED_OBJC_IMPLEMENTATIONS = YES;
				CLANG_WARN_DIRECT_OBJC_ISA_USAGE = YES_ERROR;
				CLANG_WARN_DOCUMENTATION_COMMENTS = YES;
				CLANG_WARN_EMPTY_BODY = YES;
				CLANG_WARN_ENUM_CONVERSION = YES;
				CLANG_WARN_INFINITE_RECURSION = YES;
				CLANG_WARN_INT_CONVERSION = YES;
				CLANG_WARN_NON_LITERAL_NULL_CONVERSION = YES;
				CLANG_WARN_OBJC_IMPLICIT_RETAIN_SELF = YES;
				CLANG_WARN_OBJC_LITERAL_CONVERSION = YES;
				CLANG_WARN_OBJC_ROOT_CLASS = YES_ERROR;
				CLANG_WARN_RANGE_LOOP_ANALYSIS = YES;
				CLANG_WARN_STRICT_PROTOTYPES = YES;
				CLANG_WARN_SUSPICIOUS_MOVE = YES;
				CLANG_WARN_UNGUARDED_AVAILABILITY = YES_AGGRESSIVE;
				CLANG_WARN_UNREACHABLE_CODE = YES;
				CLANG_WARN__DUPLICATE_METHOD_MATCH = YES;
				CODE_SIGN_IDENTITY = "iPhone Developer";
				COPY_PHASE_STRIP = NO;
				DEBUG_INFORMATION_FORMAT = dwarf;
				ENABLE_STRICT_OBJC_MSGSEND = YES;
				ENABLE_TESTABILITY = YES;
				GCC_C_LANGUAGE_STANDARD = gnu11;
				GCC_DYNAMIC_NO_PIC = NO;
				GCC_NO_COMMON_BLOCKS = YES;
				GCC_OPTIMIZATION_LEVEL = 0;
				GCC_PREPROCESSOR_DEFINITIONS = (
					"DEBUG=1",
					"$(inherited)",
				);
				GCC_WARN_64_TO_32_BIT_CONVERSION = YES;
				GCC_WARN_ABOUT_RETURN_TYPE = YES_ERROR;
				GCC_WARN_UNDECLARED_SELECTOR = YES;
				GCC_WARN_UNINITIALIZED_AUTOS = YES_AGGRESSIVE;
				GCC_WARN_UNUSED_FUNCTION = YES;
				GCC_WARN_UNUSED_VARIABLE = YES;
				IPHONEOS_DEPLOYMENT_TARGET = 12.2;
				MTL_ENABLE_DEBUG_INFO = INCLUDE_SOURCE;
				MTL_FAST_MATH = YES;
				ONLY_ACTIVE_ARCH = YES;
				SDKROOT = iphoneos;
				SWIFT_ACTIVE_COMPILATION_CONDITIONS = DEBUG;
				SWIFT_OPTIMIZATION_LEVEL = "-Onone";
			};
			name = Debug;
		};
		0BD46C7222555A5800D4914C /* Release */ = {
			isa = XCBuildConfiguration;
			buildSettings = {
				ALWAYS_SEARCH_USER_PATHS = NO;
				CLANG_ANALYZER_NONNULL = YES;
				CLANG_ANALYZER_NUMBER_OBJECT_CONVERSION = YES_AGGRESSIVE;
				CLANG_CXX_LANGUAGE_STANDARD = "gnu++14";
				CLANG_CXX_LIBRARY = "libc++";
				CLANG_ENABLE_MODULES = YES;
				CLANG_ENABLE_OBJC_ARC = YES;
				CLANG_ENABLE_OBJC_WEAK = YES;
				CLANG_WARN_BLOCK_CAPTURE_AUTORELEASING = YES;
				CLANG_WARN_BOOL_CONVERSION = YES;
				CLANG_WARN_COMMA = YES;
				CLANG_WARN_CONSTANT_CONVERSION = YES;
				CLANG_WARN_DEPRECATED_OBJC_IMPLEMENTATIONS = YES;
				CLANG_WARN_DIRECT_OBJC_ISA_USAGE = YES_ERROR;
				CLANG_WARN_DOCUMENTATION_COMMENTS = YES;
				CLANG_WARN_EMPTY_BODY = YES;
				CLANG_WARN_ENUM_CONVERSION = YES;
				CLANG_WARN_INFINITE_RECURSION = YES;
				CLANG_WARN_INT_CONVERSION = YES;
				CLANG_WARN_NON_LITERAL_NULL_CONVERSION = YES;
				CLANG_WARN_OBJC_IMPLICIT_RETAIN_SELF = YES;
				CLANG_WARN_OBJC_LITERAL_CONVERSION = YES;
				CLANG_WARN_OBJC_ROOT_CLASS = YES_ERROR;
				CLANG_WARN_RANGE_LOOP_ANALYSIS = YES;
				CLANG_WARN_STRICT_PROTOTYPES = YES;
				CLANG_WARN_SUSPICIOUS_MOVE = YES;
				CLANG_WARN_UNGUARDED_AVAILABILITY = YES_AGGRESSIVE;
				CLANG_WARN_UNREACHABLE_CODE = YES;
				CLANG_WARN__DUPLICATE_METHOD_MATCH = YES;
				CODE_SIGN_IDENTITY = "iPhone Developer";
				COPY_PHASE_STRIP = NO;
				DEBUG_INFORMATION_FORMAT = "dwarf-with-dsym";
				ENABLE_NS_ASSERTIONS = NO;
				ENABLE_STRICT_OBJC_MSGSEND = YES;
				GCC_C_LANGUAGE_STANDARD = gnu11;
				GCC_NO_COMMON_BLOCKS = YES;
				GCC_WARN_64_TO_32_BIT_CONVERSION = YES;
				GCC_WARN_ABOUT_RETURN_TYPE = YES_ERROR;
				GCC_WARN_UNDECLARED_SELECTOR = YES;
				GCC_WARN_UNINITIALIZED_AUTOS = YES_AGGRESSIVE;
				GCC_WARN_UNUSED_FUNCTION = YES;
				GCC_WARN_UNUSED_VARIABLE = YES;
				IPHONEOS_DEPLOYMENT_TARGET = 12.2;
				MTL_ENABLE_DEBUG_INFO = NO;
				MTL_FAST_MATH = YES;
				SDKROOT = iphoneos;
				SWIFT_COMPILATION_MODE = wholemodule;
				SWIFT_OPTIMIZATION_LEVEL = "-O";
				VALIDATE_PRODUCT = YES;
			};
			name = Release;
		};
		0BD46C7422555A5800D4914C /* Debug */ = {
			isa = XCBuildConfiguration;
			baseConfigurationReference = 35BB64F4E38E9AFBB2790026 /* Pods-CraveThru.debug.xcconfig */;
			buildSettings = {
				ASSETCATALOG_COMPILER_APPICON_NAME = AppIcon;
				CODE_SIGN_STYLE = Automatic;
				INFOPLIST_FILE = CraveThru/Info.plist;
				LD_RUNPATH_SEARCH_PATHS = (
					"$(inherited)",
					"@executable_path/Frameworks",
				);
				PRODUCT_BUNDLE_IDENTIFIER = ang.CraveThru;
				PRODUCT_NAME = "$(TARGET_NAME)";
				SWIFT_VERSION = 4.2;
				TARGETED_DEVICE_FAMILY = "1,2";
			};
			name = Debug;
		};
		0BD46C7522555A5800D4914C /* Release */ = {
			isa = XCBuildConfiguration;
			baseConfigurationReference = 2C3C8B626E6E70983567E2AD /* Pods-CraveThru.release.xcconfig */;
			buildSettings = {
				ASSETCATALOG_COMPILER_APPICON_NAME = AppIcon;
				CODE_SIGN_STYLE = Automatic;
				INFOPLIST_FILE = CraveThru/Info.plist;
				LD_RUNPATH_SEARCH_PATHS = (
					"$(inherited)",
					"@executable_path/Frameworks",
				);
				PRODUCT_BUNDLE_IDENTIFIER = ang.CraveThru;
				PRODUCT_NAME = "$(TARGET_NAME)";
				SWIFT_VERSION = 4.2;
				TARGETED_DEVICE_FAMILY = "1,2";
			};
			name = Release;
		};
		0BD46C7722555A5800D4914C /* Debug */ = {
			isa = XCBuildConfiguration;
			baseConfigurationReference = 90FD131555C98099C1A12F6B /* Pods-CraveThruTests.debug.xcconfig */;
			buildSettings = {
				ALWAYS_EMBED_SWIFT_STANDARD_LIBRARIES = YES;
				BUNDLE_LOADER = "$(TEST_HOST)";
				CODE_SIGN_STYLE = Automatic;
				INFOPLIST_FILE = CraveThruTests/Info.plist;
				LD_RUNPATH_SEARCH_PATHS = (
					"$(inherited)",
					"@executable_path/Frameworks",
					"@loader_path/Frameworks",
				);
				PRODUCT_BUNDLE_IDENTIFIER = ang.CraveThruTests;
				PRODUCT_NAME = "$(TARGET_NAME)";
				SWIFT_VERSION = 5.0;
				TARGETED_DEVICE_FAMILY = "1,2";
				TEST_HOST = "$(BUILT_PRODUCTS_DIR)/CraveThru.app/CraveThru";
			};
			name = Debug;
		};
		0BD46C7822555A5800D4914C /* Release */ = {
			isa = XCBuildConfiguration;
			baseConfigurationReference = B57C14B90ED0C5EB2E6ED34C /* Pods-CraveThruTests.release.xcconfig */;
			buildSettings = {
				ALWAYS_EMBED_SWIFT_STANDARD_LIBRARIES = YES;
				BUNDLE_LOADER = "$(TEST_HOST)";
				CODE_SIGN_STYLE = Automatic;
				INFOPLIST_FILE = CraveThruTests/Info.plist;
				LD_RUNPATH_SEARCH_PATHS = (
					"$(inherited)",
					"@executable_path/Frameworks",
					"@loader_path/Frameworks",
				);
				PRODUCT_BUNDLE_IDENTIFIER = ang.CraveThruTests;
				PRODUCT_NAME = "$(TARGET_NAME)";
				SWIFT_VERSION = 5.0;
				TARGETED_DEVICE_FAMILY = "1,2";
				TEST_HOST = "$(BUILT_PRODUCTS_DIR)/CraveThru.app/CraveThru";
			};
			name = Release;
		};
		0BD46C7A22555A5800D4914C /* Debug */ = {
			isa = XCBuildConfiguration;
			baseConfigurationReference = 54291F0C95541E121C3EF720 /* Pods-CraveThruUITests.debug.xcconfig */;
			buildSettings = {
				ALWAYS_EMBED_SWIFT_STANDARD_LIBRARIES = YES;
				CODE_SIGN_STYLE = Automatic;
				INFOPLIST_FILE = CraveThruUITests/Info.plist;
				LD_RUNPATH_SEARCH_PATHS = (
					"$(inherited)",
					"@executable_path/Frameworks",
					"@loader_path/Frameworks",
				);
				PRODUCT_BUNDLE_IDENTIFIER = ang.CraveThruUITests;
				PRODUCT_NAME = "$(TARGET_NAME)";
				SWIFT_VERSION = 5.0;
				TARGETED_DEVICE_FAMILY = "1,2";
				TEST_TARGET_NAME = CraveThru;
			};
			name = Debug;
		};
		0BD46C7B22555A5800D4914C /* Release */ = {
			isa = XCBuildConfiguration;
			baseConfigurationReference = 8E4D7DCC47C58956C942DF74 /* Pods-CraveThruUITests.release.xcconfig */;
			buildSettings = {
				ALWAYS_EMBED_SWIFT_STANDARD_LIBRARIES = YES;
				CODE_SIGN_STYLE = Automatic;
				INFOPLIST_FILE = CraveThruUITests/Info.plist;
				LD_RUNPATH_SEARCH_PATHS = (
					"$(inherited)",
					"@executable_path/Frameworks",
					"@loader_path/Frameworks",
				);
				PRODUCT_BUNDLE_IDENTIFIER = ang.CraveThruUITests;
				PRODUCT_NAME = "$(TARGET_NAME)";
				SWIFT_VERSION = 5.0;
				TARGETED_DEVICE_FAMILY = "1,2";
				TEST_TARGET_NAME = CraveThru;
			};
			name = Release;
		};
/* End XCBuildConfiguration section */

/* Begin XCConfigurationList section */
		0BD46C4622555A5500D4914C /* Build configuration list for PBXProject "CraveThru" */ = {
			isa = XCConfigurationList;
			buildConfigurations = (
				0BD46C7122555A5800D4914C /* Debug */,
				0BD46C7222555A5800D4914C /* Release */,
			);
			defaultConfigurationIsVisible = 0;
			defaultConfigurationName = Release;
		};
		0BD46C7322555A5800D4914C /* Build configuration list for PBXNativeTarget "CraveThru" */ = {
			isa = XCConfigurationList;
			buildConfigurations = (
				0BD46C7422555A5800D4914C /* Debug */,
				0BD46C7522555A5800D4914C /* Release */,
			);
			defaultConfigurationIsVisible = 0;
			defaultConfigurationName = Release;
		};
		0BD46C7622555A5800D4914C /* Build configuration list for PBXNativeTarget "CraveThruTests" */ = {
			isa = XCConfigurationList;
			buildConfigurations = (
				0BD46C7722555A5800D4914C /* Debug */,
				0BD46C7822555A5800D4914C /* Release */,
			);
			defaultConfigurationIsVisible = 0;
			defaultConfigurationName = Release;
		};
		0BD46C7922555A5800D4914C /* Build configuration list for PBXNativeTarget "CraveThruUITests" */ = {
			isa = XCConfigurationList;
			buildConfigurations = (
				0BD46C7A22555A5800D4914C /* Debug */,
				0BD46C7B22555A5800D4914C /* Release */,
			);
			defaultConfigurationIsVisible = 0;
			defaultConfigurationName = Release;
		};
/* End XCConfigurationList section */
	};
	rootObject = 0BD46C4322555A5500D4914C /* Project object */;
}
