// !$*UTF8*$!
{
	archiveVersion = 1;
	classes = {
	};
	objectVersion = 50;
	objects = {

/* Begin PBXBuildFile section */
		0B0C2892225C029200E5B2C9 /* Main.storyboard in Resources */ = {isa = PBXBuildFile; fileRef = 0B0C2891225C029200E5B2C9 /* Main.storyboard */; };
		0B0C2894225C03EF00E5B2C9 /* Home.storyboard in Resources */ = {isa = PBXBuildFile; fileRef = 0B0C2893225C03EF00E5B2C9 /* Home.storyboard */; };
		0B0C289C225C05ED00E5B2C9 /* Maps.storyboard in Resources */ = {isa = PBXBuildFile; fileRef = 0B0C289B225C05ED00E5B2C9 /* Maps.storyboard */; };
		0B26926922646048007C38A4 /* ExpandedViewController.swift in Sources */ = {isa = PBXBuildFile; fileRef = 0B26926822646048007C38A4 /* ExpandedViewController.swift */; };
		0B26926B226460E0007C38A4 /* Details.storyboard in Resources */ = {isa = PBXBuildFile; fileRef = 0B26926A226460E0007C38A4 /* Details.storyboard */; };
		0B26926D2264633D007C38A4 /* Profile.storyboard in Resources */ = {isa = PBXBuildFile; fileRef = 0B26926C2264633D007C38A4 /* Profile.storyboard */; };
		0B26926F2264634E007C38A4 /* ProfileViewController.swift in Sources */ = {isa = PBXBuildFile; fileRef = 0B26926E2264634E007C38A4 /* ProfileViewController.swift */; };
		0B269271226463CB007C38A4 /* ListViewController.swift in Sources */ = {isa = PBXBuildFile; fileRef = 0B269270226463CB007C38A4 /* ListViewController.swift */; };
		0B269273226463E5007C38A4 /* List.storyboard in Resources */ = {isa = PBXBuildFile; fileRef = 0B269272226463E5007C38A4 /* List.storyboard */; };
		0BD46CC1225BF9F000D4914C /* LoginViewController.swift in Sources */ = {isa = PBXBuildFile; fileRef = 0BD46CC0225BF9F000D4914C /* LoginViewController.swift */; };
		0BD46CC3225BFF2700D4914C /* HomeViewController.swift in Sources */ = {isa = PBXBuildFile; fileRef = 0BD46CC2225BFF2700D4914C /* HomeViewController.swift */; };
		1D502A6B225FD23D007CDB1E /* GoogleService-Info.plist in Resources */ = {isa = PBXBuildFile; fileRef = 1D502A6A225FD23D007CDB1E /* GoogleService-Info.plist */; };
		1D502A6D2260196F007CDB1E /* Signup.storyboard in Resources */ = {isa = PBXBuildFile; fileRef = 1D502A6C2260196F007CDB1E /* Signup.storyboard */; };
		1D502A6F22601A71007CDB1E /* SignupViewController.swift in Sources */ = {isa = PBXBuildFile; fileRef = 1D502A6E22601A71007CDB1E /* SignupViewController.swift */; };
		1D7F3A3B2256F6920014E62F /* AppDelegate.swift in Sources */ = {isa = PBXBuildFile; fileRef = 1D7F3A3A2256F6920014E62F /* AppDelegate.swift */; };
		1D7F3A422256F6930014E62F /* Assets.xcassets in Resources */ = {isa = PBXBuildFile; fileRef = 1D7F3A412256F6930014E62F /* Assets.xcassets */; };
		1D7F3A452256F6930014E62F /* LaunchScreen.storyboard in Resources */ = {isa = PBXBuildFile; fileRef = 1D7F3A432256F6930014E62F /* LaunchScreen.storyboard */; };
		1D7F3A502256F6940014E62F /* craveThruTests.swift in Sources */ = {isa = PBXBuildFile; fileRef = 1D7F3A4F2256F6940014E62F /* craveThruTests.swift */; };
		1D7F3A5B2256F6940014E62F /* craveThruUITests.swift in Sources */ = {isa = PBXBuildFile; fileRef = 1D7F3A5A2256F6940014E62F /* craveThruUITests.swift */; };
		28985CE6225B03020038193D /* MapsViewController.swift in Sources */ = {isa = PBXBuildFile; fileRef = 28985CE5225B03020038193D /* MapsViewController.swift */; };
		9043A13A7785D2E026328B76 /* Pods_craveThru.framework in Frameworks */ = {isa = PBXBuildFile; fileRef = 0910F8E83EDA207FE014D928 /* Pods_craveThru.framework */; };
		9897AA843DAEBB31BFB0827D /* Pods_craveThruUITests.framework in Frameworks */ = {isa = PBXBuildFile; fileRef = BCA98DE35CA0C1E8EE6D8CD7 /* Pods_craveThruUITests.framework */; };
		AB85196CF8BD49B27A78CAE8 /* Pods_craveThruTests.framework in Frameworks */ = {isa = PBXBuildFile; fileRef = A6A492ECE622C12D14082E0E /* Pods_craveThruTests.framework */; };
/* End PBXBuildFile section */

/* Begin PBXContainerItemProxy section */
		1D7F3A4C2256F6940014E62F /* PBXContainerItemProxy */ = {
			isa = PBXContainerItemProxy;
			containerPortal = 1D7F3A2F2256F6920014E62F /* Project object */;
			proxyType = 1;
			remoteGlobalIDString = 1D7F3A362256F6920014E62F;
			remoteInfo = craveThru;
		};
		1D7F3A572256F6940014E62F /* PBXContainerItemProxy */ = {
			isa = PBXContainerItemProxy;
			containerPortal = 1D7F3A2F2256F6920014E62F /* Project object */;
			proxyType = 1;
			remoteGlobalIDString = 1D7F3A362256F6920014E62F;
			remoteInfo = craveThru;
		};
/* End PBXContainerItemProxy section */

/* Begin PBXFileReference section */
		0910F8E83EDA207FE014D928 /* Pods_craveThru.framework */ = {isa = PBXFileReference; explicitFileType = wrapper.framework; includeInIndex = 0; path = Pods_craveThru.framework; sourceTree = BUILT_PRODUCTS_DIR; };
		0B0C2891225C029200E5B2C9 /* Main.storyboard */ = {isa = PBXFileReference; lastKnownFileType = file.storyboard; path = Main.storyboard; sourceTree = "<group>"; };
		0B0C2893225C03EF00E5B2C9 /* Home.storyboard */ = {isa = PBXFileReference; fileEncoding = 4; lastKnownFileType = file.storyboard; path = Home.storyboard; sourceTree = "<group>"; };
		0B0C289B225C05ED00E5B2C9 /* Maps.storyboard */ = {isa = PBXFileReference; fileEncoding = 4; lastKnownFileType = file.storyboard; path = Maps.storyboard; sourceTree = "<group>"; };
		0B26926822646048007C38A4 /* ExpandedViewController.swift */ = {isa = PBXFileReference; lastKnownFileType = sourcecode.swift; path = ExpandedViewController.swift; sourceTree = "<group>"; };
		0B26926A226460E0007C38A4 /* Details.storyboard */ = {isa = PBXFileReference; fileEncoding = 4; lastKnownFileType = file.storyboard; path = Details.storyboard; sourceTree = "<group>"; };
		0B26926C2264633D007C38A4 /* Profile.storyboard */ = {isa = PBXFileReference; fileEncoding = 4; lastKnownFileType = file.storyboard; path = Profile.storyboard; sourceTree = "<group>"; };
		0B26926E2264634E007C38A4 /* ProfileViewController.swift */ = {isa = PBXFileReference; lastKnownFileType = sourcecode.swift; path = ProfileViewController.swift; sourceTree = "<group>"; };
		0B269270226463CB007C38A4 /* ListViewController.swift */ = {isa = PBXFileReference; lastKnownFileType = sourcecode.swift; path = ListViewController.swift; sourceTree = "<group>"; };
		0B269272226463E5007C38A4 /* List.storyboard */ = {isa = PBXFileReference; fileEncoding = 4; lastKnownFileType = file.storyboard; path = List.storyboard; sourceTree = "<group>"; };
		0BD46CC0225BF9F000D4914C /* LoginViewController.swift */ = {isa = PBXFileReference; lastKnownFileType = sourcecode.swift; path = LoginViewController.swift; sourceTree = "<group>"; };
		0BD46CC2225BFF2700D4914C /* HomeViewController.swift */ = {isa = PBXFileReference; lastKnownFileType = sourcecode.swift; path = HomeViewController.swift; sourceTree = "<group>"; };
		1D502A6A225FD23D007CDB1E /* GoogleService-Info.plist */ = {isa = PBXFileReference; fileEncoding = 4; lastKnownFileType = text.plist.xml; path = "GoogleService-Info.plist"; sourceTree = "<group>"; };
		1D502A6C2260196F007CDB1E /* Signup.storyboard */ = {isa = PBXFileReference; lastKnownFileType = file.storyboard; path = Signup.storyboard; sourceTree = "<group>"; };
		1D502A6E22601A71007CDB1E /* SignupViewController.swift */ = {isa = PBXFileReference; lastKnownFileType = sourcecode.swift; path = SignupViewController.swift; sourceTree = "<group>"; };
		1D7F3A372256F6920014E62F /* craveThru.app */ = {isa = PBXFileReference; explicitFileType = wrapper.application; includeInIndex = 0; path = craveThru.app; sourceTree = BUILT_PRODUCTS_DIR; };
		1D7F3A3A2256F6920014E62F /* AppDelegate.swift */ = {isa = PBXFileReference; lastKnownFileType = sourcecode.swift; path = AppDelegate.swift; sourceTree = "<group>"; };
		1D7F3A412256F6930014E62F /* Assets.xcassets */ = {isa = PBXFileReference; lastKnownFileType = folder.assetcatalog; path = Assets.xcassets; sourceTree = "<group>"; };
		1D7F3A442256F6930014E62F /* Base */ = {isa = PBXFileReference; lastKnownFileType = file.storyboard; name = Base; path = Base.lproj/LaunchScreen.storyboard; sourceTree = "<group>"; };
		1D7F3A462256F6930014E62F /* Info.plist */ = {isa = PBXFileReference; lastKnownFileType = text.plist.xml; path = Info.plist; sourceTree = "<group>"; };
		1D7F3A4B2256F6940014E62F /* craveThruTests.xctest */ = {isa = PBXFileReference; explicitFileType = wrapper.cfbundle; includeInIndex = 0; path = craveThruTests.xctest; sourceTree = BUILT_PRODUCTS_DIR; };
		1D7F3A4F2256F6940014E62F /* craveThruTests.swift */ = {isa = PBXFileReference; lastKnownFileType = sourcecode.swift; path = craveThruTests.swift; sourceTree = "<group>"; };
		1D7F3A512256F6940014E62F /* Info.plist */ = {isa = PBXFileReference; lastKnownFileType = text.plist.xml; path = Info.plist; sourceTree = "<group>"; };
		1D7F3A562256F6940014E62F /* craveThruUITests.xctest */ = {isa = PBXFileReference; explicitFileType = wrapper.cfbundle; includeInIndex = 0; path = craveThruUITests.xctest; sourceTree = BUILT_PRODUCTS_DIR; };
		1D7F3A5A2256F6940014E62F /* craveThruUITests.swift */ = {isa = PBXFileReference; lastKnownFileType = sourcecode.swift; path = craveThruUITests.swift; sourceTree = "<group>"; };
		1D7F3A5C2256F6940014E62F /* Info.plist */ = {isa = PBXFileReference; lastKnownFileType = text.plist.xml; path = Info.plist; sourceTree = "<group>"; };
		28985CE5225B03020038193D /* MapsViewController.swift */ = {isa = PBXFileReference; lastKnownFileType = sourcecode.swift; path = MapsViewController.swift; sourceTree = "<group>"; };
		3DC4B7447401481825AA8033 /* Pods-craveThruUITests.debug.xcconfig */ = {isa = PBXFileReference; includeInIndex = 1; lastKnownFileType = text.xcconfig; name = "Pods-craveThruUITests.debug.xcconfig"; path = "Pods/Target Support Files/Pods-craveThruUITests/Pods-craveThruUITests.debug.xcconfig"; sourceTree = "<group>"; };
		4ECA0738E83E9AFA46949C6A /* Pods-craveThruTests.release.xcconfig */ = {isa = PBXFileReference; includeInIndex = 1; lastKnownFileType = text.xcconfig; name = "Pods-craveThruTests.release.xcconfig"; path = "Pods/Target Support Files/Pods-craveThruTests/Pods-craveThruTests.release.xcconfig"; sourceTree = "<group>"; };
		54ECE13E0F7BBB07426028AB /* Pods-craveThruTests.debug.xcconfig */ = {isa = PBXFileReference; includeInIndex = 1; lastKnownFileType = text.xcconfig; name = "Pods-craveThruTests.debug.xcconfig"; path = "Pods/Target Support Files/Pods-craveThruTests/Pods-craveThruTests.debug.xcconfig"; sourceTree = "<group>"; };
		7D1B6C82FD94811035EAA399 /* Pods-craveThruUITests.release.xcconfig */ = {isa = PBXFileReference; includeInIndex = 1; lastKnownFileType = text.xcconfig; name = "Pods-craveThruUITests.release.xcconfig"; path = "Pods/Target Support Files/Pods-craveThruUITests/Pods-craveThruUITests.release.xcconfig"; sourceTree = "<group>"; };
		9AF36CB9D12C2CF1C5665F44 /* Pods-craveThru.release.xcconfig */ = {isa = PBXFileReference; includeInIndex = 1; lastKnownFileType = text.xcconfig; name = "Pods-craveThru.release.xcconfig"; path = "Pods/Target Support Files/Pods-craveThru/Pods-craveThru.release.xcconfig"; sourceTree = "<group>"; };
		A6A492ECE622C12D14082E0E /* Pods_craveThruTests.framework */ = {isa = PBXFileReference; explicitFileType = wrapper.framework; includeInIndex = 0; path = Pods_craveThruTests.framework; sourceTree = BUILT_PRODUCTS_DIR; };
		BCA98DE35CA0C1E8EE6D8CD7 /* Pods_craveThruUITests.framework */ = {isa = PBXFileReference; explicitFileType = wrapper.framework; includeInIndex = 0; path = Pods_craveThruUITests.framework; sourceTree = BUILT_PRODUCTS_DIR; };
		FF857C3801A55A386740981B /* Pods-craveThru.debug.xcconfig */ = {isa = PBXFileReference; includeInIndex = 1; lastKnownFileType = text.xcconfig; name = "Pods-craveThru.debug.xcconfig"; path = "Pods/Target Support Files/Pods-craveThru/Pods-craveThru.debug.xcconfig"; sourceTree = "<group>"; };
/* End PBXFileReference section */

/* Begin PBXFrameworksBuildPhase section */
		1D7F3A342256F6920014E62F /* Frameworks */ = {
			isa = PBXFrameworksBuildPhase;
			buildActionMask = 2147483647;
			files = (
				9043A13A7785D2E026328B76 /* Pods_craveThru.framework in Frameworks */,
			);
			runOnlyForDeploymentPostprocessing = 0;
		};
		1D7F3A482256F6940014E62F /* Frameworks */ = {
			isa = PBXFrameworksBuildPhase;
			buildActionMask = 2147483647;
			files = (
				AB85196CF8BD49B27A78CAE8 /* Pods_craveThruTests.framework in Frameworks */,
			);
			runOnlyForDeploymentPostprocessing = 0;
		};
		1D7F3A532256F6940014E62F /* Frameworks */ = {
			isa = PBXFrameworksBuildPhase;
			buildActionMask = 2147483647;
			files = (
				9897AA843DAEBB31BFB0827D /* Pods_craveThruUITests.framework in Frameworks */,
			);
			runOnlyForDeploymentPostprocessing = 0;
		};
/* End PBXFrameworksBuildPhase section */

/* Begin PBXGroup section */
		1D7F3A2E2256F6920014E62F = {
			isa = PBXGroup;
			children = (
				1D7F3A392256F6920014E62F /* craveThru */,
				1D7F3A4E2256F6940014E62F /* craveThruTests */,
				1D7F3A592256F6940014E62F /* craveThruUITests */,
				1D7F3A382256F6920014E62F /* Products */,
				8FE0F1890B1CE08F9F0FD663 /* Pods */,
				2909B47CD6E731B3D14B5494 /* Frameworks */,
			);
			sourceTree = "<group>";
		};
		1D7F3A382256F6920014E62F /* Products */ = {
			isa = PBXGroup;
			children = (
				1D7F3A372256F6920014E62F /* craveThru.app */,
				1D7F3A4B2256F6940014E62F /* craveThruTests.xctest */,
				1D7F3A562256F6940014E62F /* craveThruUITests.xctest */,
			);
			name = Products;
			sourceTree = "<group>";
		};
		1D7F3A392256F6920014E62F /* craveThru */ = {
			isa = PBXGroup;
			children = (
				1D7F3A3A2256F6920014E62F /* AppDelegate.swift */,
				28985CE5225B03020038193D /* MapsViewController.swift */,
				1D7F3A412256F6930014E62F /* Assets.xcassets */,
				1D7F3A432256F6930014E62F /* LaunchScreen.storyboard */,
				1D7F3A462256F6930014E62F /* Info.plist */,
				0B0C2891225C029200E5B2C9 /* Main.storyboard */,
				1D502A6C2260196F007CDB1E /* Signup.storyboard */,
				1D502A6E22601A71007CDB1E /* SignupViewController.swift */,
				1D502A6A225FD23D007CDB1E /* GoogleService-Info.plist */,
				0B0C2893225C03EF00E5B2C9 /* Home.storyboard */,
				0B269272226463E5007C38A4 /* List.storyboard */,
				0B26926C2264633D007C38A4 /* Profile.storyboard */,
				0B26926A226460E0007C38A4 /* Details.storyboard */,
				0B0C289B225C05ED00E5B2C9 /* Maps.storyboard */,
				0BD46CC0225BF9F000D4914C /* LoginViewController.swift */,
				0BD46CC2225BFF2700D4914C /* HomeViewController.swift */,
				0B26926822646048007C38A4 /* ExpandedViewController.swift */,
				0B26926E2264634E007C38A4 /* ProfileViewController.swift */,
				0B269270226463CB007C38A4 /* ListViewController.swift */,
			);
			path = craveThru;
			sourceTree = "<group>";
		};
		1D7F3A4E2256F6940014E62F /* craveThruTests */ = {
			isa = PBXGroup;
			children = (
				1D7F3A4F2256F6940014E62F /* craveThruTests.swift */,
				1D7F3A512256F6940014E62F /* Info.plist */,
			);
			path = craveThruTests;
			sourceTree = "<group>";
		};
		1D7F3A592256F6940014E62F /* craveThruUITests */ = {
			isa = PBXGroup;
			children = (
				1D7F3A5A2256F6940014E62F /* craveThruUITests.swift */,
				1D7F3A5C2256F6940014E62F /* Info.plist */,
			);
			path = craveThruUITests;
			sourceTree = "<group>";
		};
		2909B47CD6E731B3D14B5494 /* Frameworks */ = {
			isa = PBXGroup;
			children = (
				0910F8E83EDA207FE014D928 /* Pods_craveThru.framework */,
				A6A492ECE622C12D14082E0E /* Pods_craveThruTests.framework */,
				BCA98DE35CA0C1E8EE6D8CD7 /* Pods_craveThruUITests.framework */,
			);
			name = Frameworks;
			sourceTree = "<group>";
		};
		8FE0F1890B1CE08F9F0FD663 /* Pods */ = {
			isa = PBXGroup;
			children = (
				FF857C3801A55A386740981B /* Pods-craveThru.debug.xcconfig */,
				9AF36CB9D12C2CF1C5665F44 /* Pods-craveThru.release.xcconfig */,
				54ECE13E0F7BBB07426028AB /* Pods-craveThruTests.debug.xcconfig */,
				4ECA0738E83E9AFA46949C6A /* Pods-craveThruTests.release.xcconfig */,
				3DC4B7447401481825AA8033 /* Pods-craveThruUITests.debug.xcconfig */,
				7D1B6C82FD94811035EAA399 /* Pods-craveThruUITests.release.xcconfig */,
			);
			name = Pods;
			sourceTree = "<group>";
		};
/* End PBXGroup section */

/* Begin PBXNativeTarget section */
		1D7F3A362256F6920014E62F /* craveThru */ = {
			isa = PBXNativeTarget;
			buildConfigurationList = 1D7F3A5F2256F6940014E62F /* Build configuration list for PBXNativeTarget "craveThru" */;
			buildPhases = (
				0F879C6FB8E64EB74F7E72F6 /* [CP] Check Pods Manifest.lock */,
				1D7F3A332256F6920014E62F /* Sources */,
				1D7F3A342256F6920014E62F /* Frameworks */,
				1D7F3A352256F6920014E62F /* Resources */,
				3024C98F4495DC9364F95444 /* [CP] Embed Pods Frameworks */,
			);
			buildRules = (
			);
			dependencies = (
			);
			name = craveThru;
			productName = craveThru;
			productReference = 1D7F3A372256F6920014E62F /* craveThru.app */;
			productType = "com.apple.product-type.application";
		};
		1D7F3A4A2256F6940014E62F /* craveThruTests */ = {
			isa = PBXNativeTarget;
			buildConfigurationList = 1D7F3A622256F6940014E62F /* Build configuration list for PBXNativeTarget "craveThruTests" */;
			buildPhases = (
				5275044EE3A81F724F984E07 /* [CP] Check Pods Manifest.lock */,
				1D7F3A472256F6940014E62F /* Sources */,
				1D7F3A482256F6940014E62F /* Frameworks */,
				1D7F3A492256F6940014E62F /* Resources */,
			);
			buildRules = (
			);
			dependencies = (
				1D7F3A4D2256F6940014E62F /* PBXTargetDependency */,
			);
			name = craveThruTests;
			productName = craveThruTests;
			productReference = 1D7F3A4B2256F6940014E62F /* craveThruTests.xctest */;
			productType = "com.apple.product-type.bundle.unit-test";
		};
		1D7F3A552256F6940014E62F /* craveThruUITests */ = {
			isa = PBXNativeTarget;
			buildConfigurationList = 1D7F3A652256F6940014E62F /* Build configuration list for PBXNativeTarget "craveThruUITests" */;
			buildPhases = (
				98DD4F9C623D90275109387E /* [CP] Check Pods Manifest.lock */,
				1D7F3A522256F6940014E62F /* Sources */,
				1D7F3A532256F6940014E62F /* Frameworks */,
				1D7F3A542256F6940014E62F /* Resources */,
			);
			buildRules = (
			);
			dependencies = (
				1D7F3A582256F6940014E62F /* PBXTargetDependency */,
			);
			name = craveThruUITests;
			productName = craveThruUITests;
			productReference = 1D7F3A562256F6940014E62F /* craveThruUITests.xctest */;
			productType = "com.apple.product-type.bundle.ui-testing";
		};
/* End PBXNativeTarget section */

/* Begin PBXProject section */
		1D7F3A2F2256F6920014E62F /* Project object */ = {
			isa = PBXProject;
			attributes = {
				LastSwiftUpdateCheck = 1010;
				LastUpgradeCheck = 1010;
				ORGANIZATIONNAME = "Eros Gonzalez";
				TargetAttributes = {
					1D7F3A362256F6920014E62F = {
						CreatedOnToolsVersion = 10.1;
					};
					1D7F3A4A2256F6940014E62F = {
						CreatedOnToolsVersion = 10.1;
						TestTargetID = 1D7F3A362256F6920014E62F;
					};
					1D7F3A552256F6940014E62F = {
						CreatedOnToolsVersion = 10.1;
						TestTargetID = 1D7F3A362256F6920014E62F;
					};
				};
			};
			buildConfigurationList = 1D7F3A322256F6920014E62F /* Build configuration list for PBXProject "craveThru" */;
			compatibilityVersion = "Xcode 9.3";
			developmentRegion = en;
			hasScannedForEncodings = 0;
			knownRegions = (
				en,
				Base,
			);
			mainGroup = 1D7F3A2E2256F6920014E62F;
			productRefGroup = 1D7F3A382256F6920014E62F /* Products */;
			projectDirPath = "";
			projectRoot = "";
			targets = (
				1D7F3A362256F6920014E62F /* craveThru */,
				1D7F3A4A2256F6940014E62F /* craveThruTests */,
				1D7F3A552256F6940014E62F /* craveThruUITests */,
			);
		};
/* End PBXProject section */

/* Begin PBXResourcesBuildPhase section */
		1D7F3A352256F6920014E62F /* Resources */ = {
			isa = PBXResourcesBuildPhase;
			buildActionMask = 2147483647;
			files = (
				1D502A6D2260196F007CDB1E /* Signup.storyboard in Resources */,
				0B0C2892225C029200E5B2C9 /* Main.storyboard in Resources */,
				0B269273226463E5007C38A4 /* List.storyboard in Resources */,
				0B0C2894225C03EF00E5B2C9 /* Home.storyboard in Resources */,
				0B0C289C225C05ED00E5B2C9 /* Maps.storyboard in Resources */,
				1D7F3A452256F6930014E62F /* LaunchScreen.storyboard in Resources */,
				1D7F3A422256F6930014E62F /* Assets.xcassets in Resources */,
				0B26926D2264633D007C38A4 /* Profile.storyboard in Resources */,
				1D502A6B225FD23D007CDB1E /* GoogleService-Info.plist in Resources */,
				0B26926B226460E0007C38A4 /* Details.storyboard in Resources */,
			);
			runOnlyForDeploymentPostprocessing = 0;
		};
		1D7F3A492256F6940014E62F /* Resources */ = {
			isa = PBXResourcesBuildPhase;
			buildActionMask = 2147483647;
			files = (
			);
			runOnlyForDeploymentPostprocessing = 0;
		};
		1D7F3A542256F6940014E62F /* Resources */ = {
			isa = PBXResourcesBuildPhase;
			buildActionMask = 2147483647;
			files = (
			);
			runOnlyForDeploymentPostprocessing = 0;
		};
/* End PBXResourcesBuildPhase section */

/* Begin PBXShellScriptBuildPhase section */
		0F879C6FB8E64EB74F7E72F6 /* [CP] Check Pods Manifest.lock */ = {
			isa = PBXShellScriptBuildPhase;
			buildActionMask = 2147483647;
			files = (
			);
			inputFileListPaths = (
			);
			inputPaths = (
				"${PODS_PODFILE_DIR_PATH}/Podfile.lock",
				"${PODS_ROOT}/Manifest.lock",
			);
			name = "[CP] Check Pods Manifest.lock";
			outputFileListPaths = (
			);
			outputPaths = (
				"$(DERIVED_FILE_DIR)/Pods-craveThru-checkManifestLockResult.txt",
			);
			runOnlyForDeploymentPostprocessing = 0;
			shellPath = /bin/sh;
			shellScript = "diff \"${PODS_PODFILE_DIR_PATH}/Podfile.lock\" \"${PODS_ROOT}/Manifest.lock\" > /dev/null\nif [ $? != 0 ] ; then\n    # print error to STDERR\n    echo \"error: The sandbox is not in sync with the Podfile.lock. Run 'pod install' or update your CocoaPods installation.\" >&2\n    exit 1\nfi\n# This output is used by Xcode 'outputs' to avoid re-running this script phase.\necho \"SUCCESS\" > \"${SCRIPT_OUTPUT_FILE_0}\"\n";
			showEnvVarsInLog = 0;
		};
		3024C98F4495DC9364F95444 /* [CP] Embed Pods Frameworks */ = {
			isa = PBXShellScriptBuildPhase;
			buildActionMask = 2147483647;
			files = (
			);
			inputFileListPaths = (
			);
			inputPaths = (
				"${SRCROOT}/Pods/Target Support Files/Pods-craveThru/Pods-craveThru-frameworks.sh",
				"${BUILT_PRODUCTS_DIR}/Alamofire/Alamofire.framework",
				"${BUILT_PRODUCTS_DIR}/AlamofireImage/AlamofireImage.framework",
				"${BUILT_PRODUCTS_DIR}/Bolts/Bolts.framework",
				"${BUILT_PRODUCTS_DIR}/GTMSessionFetcher/GTMSessionFetcher.framework",
				"${BUILT_PRODUCTS_DIR}/GoogleUtilities/GoogleUtilities.framework",
				"${BUILT_PRODUCTS_DIR}/Parse/Parse.framework",
				"${BUILT_PRODUCTS_DIR}/iCarousel/iCarousel.framework",
				"${BUILT_PRODUCTS_DIR}/leveldb-library/leveldb.framework",
				"${BUILT_PRODUCTS_DIR}/nanopb/nanopb.framework",
			);
			name = "[CP] Embed Pods Frameworks";
			outputFileListPaths = (
			);
			outputPaths = (
				"${TARGET_BUILD_DIR}/${FRAMEWORKS_FOLDER_PATH}/Alamofire.framework",
				"${TARGET_BUILD_DIR}/${FRAMEWORKS_FOLDER_PATH}/AlamofireImage.framework",
				"${TARGET_BUILD_DIR}/${FRAMEWORKS_FOLDER_PATH}/Bolts.framework",
				"${TARGET_BUILD_DIR}/${FRAMEWORKS_FOLDER_PATH}/GTMSessionFetcher.framework",
				"${TARGET_BUILD_DIR}/${FRAMEWORKS_FOLDER_PATH}/GoogleUtilities.framework",
				"${TARGET_BUILD_DIR}/${FRAMEWORKS_FOLDER_PATH}/Parse.framework",
				"${TARGET_BUILD_DIR}/${FRAMEWORKS_FOLDER_PATH}/iCarousel.framework",
				"${TARGET_BUILD_DIR}/${FRAMEWORKS_FOLDER_PATH}/leveldb.framework",
				"${TARGET_BUILD_DIR}/${FRAMEWORKS_FOLDER_PATH}/nanopb.framework",
			);
			runOnlyForDeploymentPostprocessing = 0;
			shellPath = /bin/sh;
			shellScript = "\"${SRCROOT}/Pods/Target Support Files/Pods-craveThru/Pods-craveThru-frameworks.sh\"\n";
			showEnvVarsInLog = 0;
		};
		5275044EE3A81F724F984E07 /* [CP] Check Pods Manifest.lock */ = {
			isa = PBXShellScriptBuildPhase;
			buildActionMask = 2147483647;
			files = (
			);
			inputFileListPaths = (
			);
			inputPaths = (
				"${PODS_PODFILE_DIR_PATH}/Podfile.lock",
				"${PODS_ROOT}/Manifest.lock",
			);
			name = "[CP] Check Pods Manifest.lock";
			outputFileListPaths = (
			);
			outputPaths = (
				"$(DERIVED_FILE_DIR)/Pods-craveThruTests-checkManifestLockResult.txt",
			);
			runOnlyForDeploymentPostprocessing = 0;
			shellPath = /bin/sh;
			shellScript = "diff \"${PODS_PODFILE_DIR_PATH}/Podfile.lock\" \"${PODS_ROOT}/Manifest.lock\" > /dev/null\nif [ $? != 0 ] ; then\n    # print error to STDERR\n    echo \"error: The sandbox is not in sync with the Podfile.lock. Run 'pod install' or update your CocoaPods installation.\" >&2\n    exit 1\nfi\n# This output is used by Xcode 'outputs' to avoid re-running this script phase.\necho \"SUCCESS\" > \"${SCRIPT_OUTPUT_FILE_0}\"\n";
			showEnvVarsInLog = 0;
		};
		98DD4F9C623D90275109387E /* [CP] Check Pods Manifest.lock */ = {
			isa = PBXShellScriptBuildPhase;
			buildActionMask = 2147483647;
			files = (
			);
			inputFileListPaths = (
			);
			inputPaths = (
				"${PODS_PODFILE_DIR_PATH}/Podfile.lock",
				"${PODS_ROOT}/Manifest.lock",
			);
			name = "[CP] Check Pods Manifest.lock";
			outputFileListPaths = (
			);
			outputPaths = (
				"$(DERIVED_FILE_DIR)/Pods-craveThruUITests-checkManifestLockResult.txt",
			);
			runOnlyForDeploymentPostprocessing = 0;
			shellPath = /bin/sh;
			shellScript = "diff \"${PODS_PODFILE_DIR_PATH}/Podfile.lock\" \"${PODS_ROOT}/Manifest.lock\" > /dev/null\nif [ $? != 0 ] ; then\n    # print error to STDERR\n    echo \"error: The sandbox is not in sync with the Podfile.lock. Run 'pod install' or update your CocoaPods installation.\" >&2\n    exit 1\nfi\n# This output is used by Xcode 'outputs' to avoid re-running this script phase.\necho \"SUCCESS\" > \"${SCRIPT_OUTPUT_FILE_0}\"\n";
			showEnvVarsInLog = 0;
		};
/* End PBXShellScriptBuildPhase section */

/* Begin PBXSourcesBuildPhase section */
		1D7F3A332256F6920014E62F /* Sources */ = {
			isa = PBXSourcesBuildPhase;
			buildActionMask = 2147483647;
			files = (
				0BD46CC3225BFF2700D4914C /* HomeViewController.swift in Sources */,
				0BD46CC1225BF9F000D4914C /* LoginViewController.swift in Sources */,
				1D502A6F22601A71007CDB1E /* SignupViewController.swift in Sources */,
				0B26926922646048007C38A4 /* ExpandedViewController.swift in Sources */,
				0B26926F2264634E007C38A4 /* ProfileViewController.swift in Sources */,
				28985CE6225B03020038193D /* MapsViewController.swift in Sources */,
				0B269271226463CB007C38A4 /* ListViewController.swift in Sources */,
				1D7F3A3B2256F6920014E62F /* AppDelegate.swift in Sources */,
			);
			runOnlyForDeploymentPostprocessing = 0;
		};
		1D7F3A472256F6940014E62F /* Sources */ = {
			isa = PBXSourcesBuildPhase;
			buildActionMask = 2147483647;
			files = (
				1D7F3A502256F6940014E62F /* craveThruTests.swift in Sources */,
			);
			runOnlyForDeploymentPostprocessing = 0;
		};
		1D7F3A522256F6940014E62F /* Sources */ = {
			isa = PBXSourcesBuildPhase;
			buildActionMask = 2147483647;
			files = (
				1D7F3A5B2256F6940014E62F /* craveThruUITests.swift in Sources */,
			);
			runOnlyForDeploymentPostprocessing = 0;
		};
/* End PBXSourcesBuildPhase section */

/* Begin PBXTargetDependency section */
		1D7F3A4D2256F6940014E62F /* PBXTargetDependency */ = {
			isa = PBXTargetDependency;
			target = 1D7F3A362256F6920014E62F /* craveThru */;
			targetProxy = 1D7F3A4C2256F6940014E62F /* PBXContainerItemProxy */;
		};
		1D7F3A582256F6940014E62F /* PBXTargetDependency */ = {
			isa = PBXTargetDependency;
			target = 1D7F3A362256F6920014E62F /* craveThru */;
			targetProxy = 1D7F3A572256F6940014E62F /* PBXContainerItemProxy */;
		};
/* End PBXTargetDependency section */

/* Begin PBXVariantGroup section */
		1D7F3A432256F6930014E62F /* LaunchScreen.storyboard */ = {
			isa = PBXVariantGroup;
			children = (
				1D7F3A442256F6930014E62F /* Base */,
			);
			name = LaunchScreen.storyboard;
			sourceTree = "<group>";
		};
/* End PBXVariantGroup section */

/* Begin XCBuildConfiguration section */
		1D7F3A5D2256F6940014E62F /* Debug */ = {
			isa = XCBuildConfiguration;
			buildSettings = {
				ALWAYS_SEARCH_USER_PATHS = NO;
				CLANG_ANALYZER_NONNULL = YES;
				CLANG_ANALYZER_NUMBER_OBJECT_CONVERSION = YES_AGGRESSIVE;
				CLANG_CXX_LANGUAGE_STANDARD = "gnu++14";
				CLANG_CXX_LIBRARY = "libc++";
				CLANG_ENABLE_MODULES = YES;
				CLANG_ENABLE_OBJC_ARC = YES;
				CLANG_ENABLE_OBJC_WEAK = YES;
				CLANG_WARN_BLOCK_CAPTURE_AUTORELEASING = YES;
				CLANG_WARN_BOOL_CONVERSION = YES;
				CLANG_WARN_COMMA = YES;
				CLANG_WARN_CONSTANT_CONVERSION = YES;
				CLANG_WARN_DEPRECATED_OBJC_IMPLEMENTATIONS = YES;
				CLANG_WARN_DIRECT_OBJC_ISA_USAGE = YES_ERROR;
				CLANG_WARN_DOCUMENTATION_COMMENTS = YES;
				CLANG_WARN_EMPTY_BODY = YES;
				CLANG_WARN_ENUM_CONVERSION = YES;
				CLANG_WARN_INFINITE_RECURSION = YES;
				CLANG_WARN_INT_CONVERSION = YES;
				CLANG_WARN_NON_LITERAL_NULL_CONVERSION = YES;
				CLANG_WARN_OBJC_IMPLICIT_RETAIN_SELF = YES;
				CLANG_WARN_OBJC_LITERAL_CONVERSION = YES;
				CLANG_WARN_OBJC_ROOT_CLASS = YES_ERROR;
				CLANG_WARN_RANGE_LOOP_ANALYSIS = YES;
				CLANG_WARN_STRICT_PROTOTYPES = YES;
				CLANG_WARN_SUSPICIOUS_MOVE = YES;
				CLANG_WARN_UNGUARDED_AVAILABILITY = YES_AGGRESSIVE;
				CLANG_WARN_UNREACHABLE_CODE = YES;
				CLANG_WARN__DUPLICATE_METHOD_MATCH = YES;
				CODE_SIGN_IDENTITY = "iPhone Developer";
				COPY_PHASE_STRIP = NO;
				DEBUG_INFORMATION_FORMAT = dwarf;
				ENABLE_STRICT_OBJC_MSGSEND = YES;
				ENABLE_TESTABILITY = YES;
				GCC_C_LANGUAGE_STANDARD = gnu11;
				GCC_DYNAMIC_NO_PIC = NO;
				GCC_NO_COMMON_BLOCKS = YES;
				GCC_OPTIMIZATION_LEVEL = 0;
				GCC_PREPROCESSOR_DEFINITIONS = (
					"DEBUG=1",
					"$(inherited)",
				);
				GCC_WARN_64_TO_32_BIT_CONVERSION = YES;
				GCC_WARN_ABOUT_RETURN_TYPE = YES_ERROR;
				GCC_WARN_UNDECLARED_SELECTOR = YES;
				GCC_WARN_UNINITIALIZED_AUTOS = YES_AGGRESSIVE;
				GCC_WARN_UNUSED_FUNCTION = YES;
				GCC_WARN_UNUSED_VARIABLE = YES;
				IPHONEOS_DEPLOYMENT_TARGET = 12.1;
				MTL_ENABLE_DEBUG_INFO = INCLUDE_SOURCE;
				MTL_FAST_MATH = YES;
				ONLY_ACTIVE_ARCH = YES;
				SDKROOT = iphoneos;
				SWIFT_ACTIVE_COMPILATION_CONDITIONS = DEBUG;
				SWIFT_OPTIMIZATION_LEVEL = "-Onone";
			};
			name = Debug;
		};
		1D7F3A5E2256F6940014E62F /* Release */ = {
			isa = XCBuildConfiguration;
			buildSettings = {
				ALWAYS_SEARCH_USER_PATHS = NO;
				CLANG_ANALYZER_NONNULL = YES;
				CLANG_ANALYZER_NUMBER_OBJECT_CONVERSION = YES_AGGRESSIVE;
				CLANG_CXX_LANGUAGE_STANDARD = "gnu++14";
				CLANG_CXX_LIBRARY = "libc++";
				CLANG_ENABLE_MODULES = YES;
				CLANG_ENABLE_OBJC_ARC = YES;
				CLANG_ENABLE_OBJC_WEAK = YES;
				CLANG_WARN_BLOCK_CAPTURE_AUTORELEASING = YES;
				CLANG_WARN_BOOL_CONVERSION = YES;
				CLANG_WARN_COMMA = YES;
				CLANG_WARN_CONSTANT_CONVERSION = YES;
				CLANG_WARN_DEPRECATED_OBJC_IMPLEMENTATIONS = YES;
				CLANG_WARN_DIRECT_OBJC_ISA_USAGE = YES_ERROR;
				CLANG_WARN_DOCUMENTATION_COMMENTS = YES;
				CLANG_WARN_EMPTY_BODY = YES;
				CLANG_WARN_ENUM_CONVERSION = YES;
				CLANG_WARN_INFINITE_RECURSION = YES;
				CLANG_WARN_INT_CONVERSION = YES;
				CLANG_WARN_NON_LITERAL_NULL_CONVERSION = YES;
				CLANG_WARN_OBJC_IMPLICIT_RETAIN_SELF = YES;
				CLANG_WARN_OBJC_LITERAL_CONVERSION = YES;
				CLANG_WARN_OBJC_ROOT_CLASS = YES_ERROR;
				CLANG_WARN_RANGE_LOOP_ANALYSIS = YES;
				CLANG_WARN_STRICT_PROTOTYPES = YES;
				CLANG_WARN_SUSPICIOUS_MOVE = YES;
				CLANG_WARN_UNGUARDED_AVAILABILITY = YES_AGGRESSIVE;
				CLANG_WARN_UNREACHABLE_CODE = YES;
				CLANG_WARN__DUPLICATE_METHOD_MATCH = YES;
				CODE_SIGN_IDENTITY = "iPhone Developer";
				COPY_PHASE_STRIP = NO;
				DEBUG_INFORMATION_FORMAT = "dwarf-with-dsym";
				ENABLE_NS_ASSERTIONS = NO;
				ENABLE_STRICT_OBJC_MSGSEND = YES;
				GCC_C_LANGUAGE_STANDARD = gnu11;
				GCC_NO_COMMON_BLOCKS = YES;
				GCC_WARN_64_TO_32_BIT_CONVERSION = YES;
				GCC_WARN_ABOUT_RETURN_TYPE = YES_ERROR;
				GCC_WARN_UNDECLARED_SELECTOR = YES;
				GCC_WARN_UNINITIALIZED_AUTOS = YES_AGGRESSIVE;
				GCC_WARN_UNUSED_FUNCTION = YES;
				GCC_WARN_UNUSED_VARIABLE = YES;
				IPHONEOS_DEPLOYMENT_TARGET = 12.1;
				MTL_ENABLE_DEBUG_INFO = NO;
				MTL_FAST_MATH = YES;
				SDKROOT = iphoneos;
				SWIFT_COMPILATION_MODE = wholemodule;
				SWIFT_OPTIMIZATION_LEVEL = "-O";
				VALIDATE_PRODUCT = YES;
			};
			name = Release;
		};
		1D7F3A602256F6940014E62F /* Debug */ = {
			isa = XCBuildConfiguration;
			baseConfigurationReference = FF857C3801A55A386740981B /* Pods-craveThru.debug.xcconfig */;
			buildSettings = {
				ASSETCATALOG_COMPILER_APPICON_NAME = AppIcon;
				CODE_SIGN_STYLE = Automatic;
				DEVELOPMENT_TEAM = "";
				INFOPLIST_FILE = craveThru/Info.plist;
				LD_RUNPATH_SEARCH_PATHS = (
					"$(inherited)",
					"@executable_path/Frameworks",
				);
				PRODUCT_BUNDLE_IDENTIFIER = "Raymond-Esteybar.craveThru";
				PRODUCT_NAME = "$(TARGET_NAME)";
				SWIFT_VERSION = 4.2;
				TARGETED_DEVICE_FAMILY = "1,2";
			};
			name = Debug;
		};
		1D7F3A612256F6940014E62F /* Release */ = {
			isa = XCBuildConfiguration;
			baseConfigurationReference = 9AF36CB9D12C2CF1C5665F44 /* Pods-craveThru.release.xcconfig */;
			buildSettings = {
				ASSETCATALOG_COMPILER_APPICON_NAME = AppIcon;
				CODE_SIGN_STYLE = Automatic;
				DEVELOPMENT_TEAM = "";
				INFOPLIST_FILE = craveThru/Info.plist;
				LD_RUNPATH_SEARCH_PATHS = (
					"$(inherited)",
					"@executable_path/Frameworks",
				);
				PRODUCT_BUNDLE_IDENTIFIER = "Raymond-Esteybar.craveThru";
				PRODUCT_NAME = "$(TARGET_NAME)";
				SWIFT_VERSION = 4.2;
				TARGETED_DEVICE_FAMILY = "1,2";
			};
			name = Release;
		};
		1D7F3A632256F6940014E62F /* Debug */ = {
			isa = XCBuildConfiguration;
			baseConfigurationReference = 54ECE13E0F7BBB07426028AB /* Pods-craveThruTests.debug.xcconfig */;
			buildSettings = {
				ALWAYS_EMBED_SWIFT_STANDARD_LIBRARIES = YES;
				BUNDLE_LOADER = "$(TEST_HOST)";
				CODE_SIGN_STYLE = Automatic;
				DEVELOPMENT_TEAM = 2468FJX2LR;
				INFOPLIST_FILE = craveThruTests/Info.plist;
				LD_RUNPATH_SEARCH_PATHS = (
					"$(inherited)",
					"@executable_path/Frameworks",
					"@loader_path/Frameworks",
				);
				PRODUCT_BUNDLE_IDENTIFIER = com.WumboApps.craveThruTests;
				PRODUCT_NAME = "$(TARGET_NAME)";
				SWIFT_VERSION = 4.2;
				TARGETED_DEVICE_FAMILY = "1,2";
				TEST_HOST = "$(BUILT_PRODUCTS_DIR)/craveThru.app/craveThru";
			};
			name = Debug;
		};
		1D7F3A642256F6940014E62F /* Release */ = {
			isa = XCBuildConfiguration;
			baseConfigurationReference = 4ECA0738E83E9AFA46949C6A /* Pods-craveThruTests.release.xcconfig */;
			buildSettings = {
				ALWAYS_EMBED_SWIFT_STANDARD_LIBRARIES = YES;
				BUNDLE_LOADER = "$(TEST_HOST)";
				CODE_SIGN_STYLE = Automatic;
				DEVELOPMENT_TEAM = 2468FJX2LR;
				INFOPLIST_FILE = craveThruTests/Info.plist;
				LD_RUNPATH_SEARCH_PATHS = (
					"$(inherited)",
					"@executable_path/Frameworks",
					"@loader_path/Frameworks",
				);
				PRODUCT_BUNDLE_IDENTIFIER = com.WumboApps.craveThruTests;
				PRODUCT_NAME = "$(TARGET_NAME)";
				SWIFT_VERSION = 4.2;
				TARGETED_DEVICE_FAMILY = "1,2";
				TEST_HOST = "$(BUILT_PRODUCTS_DIR)/craveThru.app/craveThru";
			};
			name = Release;
		};
		1D7F3A662256F6940014E62F /* Debug */ = {
			isa = XCBuildConfiguration;
			baseConfigurationReference = 3DC4B7447401481825AA8033 /* Pods-craveThruUITests.debug.xcconfig */;
			buildSettings = {
				ALWAYS_EMBED_SWIFT_STANDARD_LIBRARIES = YES;
				CODE_SIGN_STYLE = Automatic;
				DEVELOPMENT_TEAM = 2468FJX2LR;
				INFOPLIST_FILE = craveThruUITests/Info.plist;
				LD_RUNPATH_SEARCH_PATHS = (
					"$(inherited)",
					"@executable_path/Frameworks",
					"@loader_path/Frameworks",
				);
				PRODUCT_BUNDLE_IDENTIFIER = com.WumboApps.craveThruUITests;
				PRODUCT_NAME = "$(TARGET_NAME)";
				SWIFT_VERSION = 4.2;
				TARGETED_DEVICE_FAMILY = "1,2";
				TEST_TARGET_NAME = craveThru;
			};
			name = Debug;
		};
		1D7F3A672256F6940014E62F /* Release */ = {
			isa = XCBuildConfiguration;
			baseConfigurationReference = 7D1B6C82FD94811035EAA399 /* Pods-craveThruUITests.release.xcconfig */;
			buildSettings = {
				ALWAYS_EMBED_SWIFT_STANDARD_LIBRARIES = YES;
				CODE_SIGN_STYLE = Automatic;
				DEVELOPMENT_TEAM = 2468FJX2LR;
				INFOPLIST_FILE = craveThruUITests/Info.plist;
				LD_RUNPATH_SEARCH_PATHS = (
					"$(inherited)",
					"@executable_path/Frameworks",
					"@loader_path/Frameworks",
				);
				PRODUCT_BUNDLE_IDENTIFIER = com.WumboApps.craveThruUITests;
				PRODUCT_NAME = "$(TARGET_NAME)";
				SWIFT_VERSION = 4.2;
				TARGETED_DEVICE_FAMILY = "1,2";
				TEST_TARGET_NAME = craveThru;
			};
			name = Release;
		};
/* End XCBuildConfiguration section */

/* Begin XCConfigurationList section */
		1D7F3A322256F6920014E62F /* Build configuration list for PBXProject "craveThru" */ = {
			isa = XCConfigurationList;
			buildConfigurations = (
				1D7F3A5D2256F6940014E62F /* Debug */,
				1D7F3A5E2256F6940014E62F /* Release */,
			);
			defaultConfigurationIsVisible = 0;
			defaultConfigurationName = Release;
		};
		1D7F3A5F2256F6940014E62F /* Build configuration list for PBXNativeTarget "craveThru" */ = {
			isa = XCConfigurationList;
			buildConfigurations = (
				1D7F3A602256F6940014E62F /* Debug */,
				1D7F3A612256F6940014E62F /* Release */,
			);
			defaultConfigurationIsVisible = 0;
			defaultConfigurationName = Release;
		};
		1D7F3A622256F6940014E62F /* Build configuration list for PBXNativeTarget "craveThruTests" */ = {
			isa = XCConfigurationList;
			buildConfigurations = (
				1D7F3A632256F6940014E62F /* Debug */,
				1D7F3A642256F6940014E62F /* Release */,
			);
			defaultConfigurationIsVisible = 0;
			defaultConfigurationName = Release;
		};
		1D7F3A652256F6940014E62F /* Build configuration list for PBXNativeTarget "craveThruUITests" */ = {
			isa = XCConfigurationList;
			buildConfigurations = (
				1D7F3A662256F6940014E62F /* Debug */,
				1D7F3A672256F6940014E62F /* Release */,
			);
			defaultConfigurationIsVisible = 0;
			defaultConfigurationName = Release;
		};
/* End XCConfigurationList section */
	};
	rootObject = 1D7F3A2F2256F6920014E62F /* Project object */;
}
